Microsoft Visual Studio Solution File, Format Version 12.00
# Visual Studio Version 17
VisualStudioVersion = 17.5.2.0
MinimumVisualStudioVersion = 10.0.40219.1
Project("{2150E333-8FDC-42A3-9474-1A3956D46DE8}") = "PTPMQL", "PTPMQL", "{4AA5CC2E-3225-C851-1EF0-0EA792514049}"
EndProject
Project("{FAE04EC0-301F-11D3-BF4B-00C04F79EFBC}") = "Demo_MVC", "PTPMQL\Demo_MVC\Demo_MVC.csproj", "{6DA6F787-2379-E12C-AC89-56BC5BA06254}"
EndProject
Global
	GlobalSection(SolutionConfigurationPlatforms) = preSolution
		Debug|Any CPU = Debug|Any CPU
		Release|Any CPU = Release|Any CPU
	EndGlobalSection
	GlobalSection(ProjectConfigurationPlatforms) = postSolution
		{6DA6F787-2379-E12C-AC89-56BC5BA06254}.Debug|Any CPU.ActiveCfg = Debug|Any CPU
		{6DA6F787-2379-E12C-AC89-56BC5BA06254}.Debug|Any CPU.Build.0 = Debug|Any CPU
		{6DA6F787-2379-E12C-AC89-56BC5BA06254}.Release|Any CPU.ActiveCfg = Release|Any CPU
		{6DA6F787-2379-E12C-AC89-56BC5BA06254}.Release|Any CPU.Build.0 = Release|Any CPU
	EndGlobalSection
	GlobalSection(SolutionProperties) = preSolution
		HideSolutionNode = FALSE
	EndGlobalSection
	GlobalSection(NestedProjects) = preSolution
		{6DA6F787-2379-E12C-AC89-56BC5BA06254} = {4AA5CC2E-3225-C851-1EF0-0EA792514049}
	EndGlobalSection
	GlobalSection(ExtensibilityGlobals) = postSolution
		SolutionGuid = {FC20BAB0-5F5D-4E50-960C-907D7E7195B0}
	EndGlobalSection
EndGlobal
